
Microsoft Visual Studio Solution File, Format Version 12.00
# Visual Studio Version 17
VisualStudioVersion = 17.8.34316.72
MinimumVisualStudioVersion = 10.0.40219.1
Project("{8BC9CEB8-8B4A-11D0-8D11-00A0C91BC942}") = "DreaptaTAP", "DreaptaTAP\DreaptaTAP.vcxproj", "{0A41B7F1-8287-4491-B029-0E9F68B91C23}"
EndProject
Global
	GlobalSection(SolutionConfigurationPlatforms) = preSolution
		Debug|x64 = Debug|x64
		Debug|x86 = Debug|x86
		Release|x64 = Release|x64
		Release|x86 = Release|x86
	EndGlobalSection
	GlobalSection(ProjectConfigurationPlatforms) = postSolution
		{0A41B7F1-8287-4491-B029-0E9F68B91C23}.Debug|x64.ActiveCfg = Debug|x64
		{0A41B7F1-8287-4491-B029-0E9F68B91C23}.Debug|x64.Build.0 = Debug|x64
		{0A41B7F1-8287-4491-B029-0E9F68B91C23}.Debug|x86.ActiveCfg = Debug|Win32
		{0A41B7F1-8287-4491-B029-0E9F68B91C23}.Debug|x86.Build.0 = Debug|Win32
		{0A41B7F1-8287-4491-B029-0E9F68B91C23}.Release|x64.ActiveCfg = Release|x64
		{0A41B7F1-8287-4491-B029-0E9F68B91C23}.Release|x64.Build.0 = Release|x64
		{0A41B7F1-8287-4491-B029-0E9F68B91C23}.Release|x86.ActiveCfg = Release|Win32
		{0A41B7F1-8287-4491-B029-0E9F68B91C23}.Release|x86.Build.0 = Release|Win32
	EndGlobalSection
	GlobalSection(SolutionProperties) = preSolution
		HideSolutionNode = FALSE
	EndGlobalSection
	GlobalSection(ExtensibilityGlobals) = postSolution
		SolutionGuid = {08CA8D54-C6DC-4D55-9CB3-149CBD710073}
	EndGlobalSection
EndGlobal
